// !$*UTF8*$!
{
	archiveVersion = 1;
	classes = {
	};
	objectVersion = 51;
	objects = {

/* Begin PBXBuildFile section */
		4EDD84C4C24E4F7ED176067D /* Pods_MovieSpot.framework in Frameworks */ = {isa = PBXBuildFile; fileRef = D7B035B215152BC58C7ED436 /* Pods_MovieSpot.framework */; };
		9C0D59F8263A90A800D9E6EE /* AppDelegate.swift in Sources */ = {isa = PBXBuildFile; fileRef = 9C0D59F7263A90A800D9E6EE /* AppDelegate.swift */; };
		9C0D59FA263A90A800D9E6EE /* SceneDelegate.swift in Sources */ = {isa = PBXBuildFile; fileRef = 9C0D59F9263A90A800D9E6EE /* SceneDelegate.swift */; };
		9C0D59FC263A90A800D9E6EE /* ViewController.swift in Sources */ = {isa = PBXBuildFile; fileRef = 9C0D59FB263A90A800D9E6EE /* ViewController.swift */; };
		9C0D59FF263A90A800D9E6EE /* Main.storyboard in Resources */ = {isa = PBXBuildFile; fileRef = 9C0D59FD263A90A800D9E6EE /* Main.storyboard */; };
		9C0D5A01263A90AA00D9E6EE /* Assets.xcassets in Resources */ = {isa = PBXBuildFile; fileRef = 9C0D5A00263A90AA00D9E6EE /* Assets.xcassets */; };
		9C0D5A04263A90AA00D9E6EE /* LaunchScreen.storyboard in Resources */ = {isa = PBXBuildFile; fileRef = 9C0D5A02263A90AA00D9E6EE /* LaunchScreen.storyboard */; };
		9C0D5A17263AA74200D9E6EE /* MovieTableViewCell.swift in Sources */ = {isa = PBXBuildFile; fileRef = 9C0D5A15263AA74200D9E6EE /* MovieTableViewCell.swift */; };
		9C0D5A18263AA74200D9E6EE /* MovieTableViewCell.xib in Resources */ = {isa = PBXBuildFile; fileRef = 9C0D5A16263AA74200D9E6EE /* MovieTableViewCell.xib */; };
		9C0D5A1C263AABAF00D9E6EE /* MovieService.swift in Sources */ = {isa = PBXBuildFile; fileRef = 9C0D5A1B263AABAF00D9E6EE /* MovieService.swift */; };
		9C0D5A1F263AABD800D9E6EE /* Config.swift in Sources */ = {isa = PBXBuildFile; fileRef = 9C0D5A1E263AABD800D9E6EE /* Config.swift */; };
		9C0D5A23263AACD800D9E6EE /* MovieResponseModel.swift in Sources */ = {isa = PBXBuildFile; fileRef = 9C0D5A22263AACD800D9E6EE /* MovieResponseModel.swift */; };
		9C34D448263E91D10051B2BF /* CreditsModel.swift in Sources */ = {isa = PBXBuildFile; fileRef = 9C34D447263E91D10051B2BF /* CreditsModel.swift */; };
		9C34D44B263E93FB0051B2BF /* DetailHeaderCollectionReusableView.swift in Sources */ = {isa = PBXBuildFile; fileRef = 9C34D44A263E93FB0051B2BF /* DetailHeaderCollectionReusableView.swift */; };
		9CDD0874263BC05F001AE011 /* DetailMovieViewController.swift in Sources */ = {isa = PBXBuildFile; fileRef = 9CDD0873263BC05F001AE011 /* DetailMovieViewController.swift */; };
		9CDD0878263BD1C0001AE011 /* MovieDetailModel.swift in Sources */ = {isa = PBXBuildFile; fileRef = 9CDD0877263BD1C0001AE011 /* MovieDetailModel.swift */; };
		9CF39853263DB1CE001742EB /* CastCollectionViewCell.swift in Sources */ = {isa = PBXBuildFile; fileRef = 9CF39851263DB1CE001742EB /* CastCollectionViewCell.swift */; };
		9CF39854263DB1CE001742EB /* CastCollectionViewCell.xib in Resources */ = {isa = PBXBuildFile; fileRef = 9CF39852263DB1CE001742EB /* CastCollectionViewCell.xib */; };
/* End PBXBuildFile section */

/* Begin PBXFileReference section */
		5D674B5604AF796E542B151B /* Pods-MovieSpot.release.xcconfig */ = {isa = PBXFileReference; includeInIndex = 1; lastKnownFileType = text.xcconfig; name = "Pods-MovieSpot.release.xcconfig"; path = "Target Support Files/Pods-MovieSpot/Pods-MovieSpot.release.xcconfig"; sourceTree = "<group>"; };
		9C0D59F4263A90A800D9E6EE /* MovieSpot.app */ = {isa = PBXFileReference; explicitFileType = wrapper.application; includeInIndex = 0; path = MovieSpot.app; sourceTree = BUILT_PRODUCTS_DIR; };
		9C0D59F7263A90A800D9E6EE /* AppDelegate.swift */ = {isa = PBXFileReference; lastKnownFileType = sourcecode.swift; path = AppDelegate.swift; sourceTree = "<group>"; };
		9C0D59F9263A90A800D9E6EE /* SceneDelegate.swift */ = {isa = PBXFileReference; lastKnownFileType = sourcecode.swift; path = SceneDelegate.swift; sourceTree = "<group>"; };
		9C0D59FB263A90A800D9E6EE /* ViewController.swift */ = {isa = PBXFileReference; lastKnownFileType = sourcecode.swift; path = ViewController.swift; sourceTree = "<group>"; };
		9C0D59FE263A90A800D9E6EE /* Base */ = {isa = PBXFileReference; lastKnownFileType = file.storyboard; name = Base; path = Base.lproj/Main.storyboard; sourceTree = "<group>"; };
		9C0D5A00263A90AA00D9E6EE /* Assets.xcassets */ = {isa = PBXFileReference; lastKnownFileType = folder.assetcatalog; path = Assets.xcassets; sourceTree = "<group>"; };
		9C0D5A03263A90AA00D9E6EE /* Base */ = {isa = PBXFileReference; lastKnownFileType = file.storyboard; name = Base; path = Base.lproj/LaunchScreen.storyboard; sourceTree = "<group>"; };
		9C0D5A05263A90AA00D9E6EE /* Info.plist */ = {isa = PBXFileReference; lastKnownFileType = text.plist.xml; path = Info.plist; sourceTree = "<group>"; };
		9C0D5A15263AA74200D9E6EE /* MovieTableViewCell.swift */ = {isa = PBXFileReference; lastKnownFileType = sourcecode.swift; path = MovieTableViewCell.swift; sourceTree = "<group>"; };
		9C0D5A16263AA74200D9E6EE /* MovieTableViewCell.xib */ = {isa = PBXFileReference; lastKnownFileType = file.xib; path = MovieTableViewCell.xib; sourceTree = "<group>"; };
		9C0D5A1B263AABAF00D9E6EE /* MovieService.swift */ = {isa = PBXFileReference; lastKnownFileType = sourcecode.swift; path = MovieService.swift; sourceTree = "<group>"; };
		9C0D5A1E263AABD800D9E6EE /* Config.swift */ = {isa = PBXFileReference; lastKnownFileType = sourcecode.swift; path = Config.swift; sourceTree = "<group>"; };
		9C0D5A22263AACD800D9E6EE /* MovieResponseModel.swift */ = {isa = PBXFileReference; lastKnownFileType = sourcecode.swift; path = MovieResponseModel.swift; sourceTree = "<group>"; };
		9C34D447263E91D10051B2BF /* CreditsModel.swift */ = {isa = PBXFileReference; lastKnownFileType = sourcecode.swift; path = CreditsModel.swift; sourceTree = "<group>"; };
		9C34D44A263E93FB0051B2BF /* DetailHeaderCollectionReusableView.swift */ = {isa = PBXFileReference; lastKnownFileType = sourcecode.swift; path = DetailHeaderCollectionReusableView.swift; sourceTree = "<group>"; };
		9CDD0873263BC05F001AE011 /* DetailMovieViewController.swift */ = {isa = PBXFileReference; lastKnownFileType = sourcecode.swift; path = DetailMovieViewController.swift; sourceTree = "<group>"; };
		9CDD0877263BD1C0001AE011 /* MovieDetailModel.swift */ = {isa = PBXFileReference; lastKnownFileType = sourcecode.swift; path = MovieDetailModel.swift; sourceTree = "<group>"; };
		9CF39851263DB1CE001742EB /* CastCollectionViewCell.swift */ = {isa = PBXFileReference; lastKnownFileType = sourcecode.swift; path = CastCollectionViewCell.swift; sourceTree = "<group>"; };
		9CF39852263DB1CE001742EB /* CastCollectionViewCell.xib */ = {isa = PBXFileReference; lastKnownFileType = file.xib; path = CastCollectionViewCell.xib; sourceTree = "<group>"; };
		D465CA612CA6279ECDBB7D0A /* Pods-MovieSpot.debug.xcconfig */ = {isa = PBXFileReference; includeInIndex = 1; lastKnownFileType = text.xcconfig; name = "Pods-MovieSpot.debug.xcconfig"; path = "Target Support Files/Pods-MovieSpot/Pods-MovieSpot.debug.xcconfig"; sourceTree = "<group>"; };
		D7B035B215152BC58C7ED436 /* Pods_MovieSpot.framework */ = {isa = PBXFileReference; explicitFileType = wrapper.framework; includeInIndex = 0; path = Pods_MovieSpot.framework; sourceTree = BUILT_PRODUCTS_DIR; };
/* End PBXFileReference section */

/* Begin PBXFrameworksBuildPhase section */
		9C0D59F1263A90A800D9E6EE /* Frameworks */ = {
			isa = PBXFrameworksBuildPhase;
			buildActionMask = 2147483647;
			files = (
				4EDD84C4C24E4F7ED176067D /* Pods_MovieSpot.framework in Frameworks */,
			);
			runOnlyForDeploymentPostprocessing = 0;
		};
/* End PBXFrameworksBuildPhase section */

/* Begin PBXGroup section */
		77F627B3A5CF271503F5BE42 /* Pods */ = {
			isa = PBXGroup;
			children = (
				D465CA612CA6279ECDBB7D0A /* Pods-MovieSpot.debug.xcconfig */,
				5D674B5604AF796E542B151B /* Pods-MovieSpot.release.xcconfig */,
			);
			path = Pods;
			sourceTree = "<group>";
		};
		9C0D59EB263A90A800D9E6EE = {
			isa = PBXGroup;
			children = (
				9C0D59F6263A90A800D9E6EE /* MovieSpot */,
				9C0D59F5263A90A800D9E6EE /* Products */,
				77F627B3A5CF271503F5BE42 /* Pods */,
				A9D0154A8A5EC9DFA29A0EBF /* Frameworks */,
			);
			sourceTree = "<group>";
		};
		9C0D59F5263A90A800D9E6EE /* Products */ = {
			isa = PBXGroup;
			children = (
				9C0D59F4263A90A800D9E6EE /* MovieSpot.app */,
			);
			name = Products;
			sourceTree = "<group>";
		};
		9C0D59F6263A90A800D9E6EE /* MovieSpot */ = {
			isa = PBXGroup;
			children = (
				9C0D5A21263AACC500D9E6EE /* Models */,
				9C0D5A1A263AAB8700D9E6EE /* Services */,
				9C0D59F7263A90A800D9E6EE /* AppDelegate.swift */,
				9C0D59F9263A90A800D9E6EE /* SceneDelegate.swift */,
				9C0D59FB263A90A800D9E6EE /* ViewController.swift */,
				9C0D59FD263A90A800D9E6EE /* Main.storyboard */,
				9C0D5A00263A90AA00D9E6EE /* Assets.xcassets */,
				9C0D5A02263A90AA00D9E6EE /* LaunchScreen.storyboard */,
				9C0D5A05263A90AA00D9E6EE /* Info.plist */,
				9C0D5A15263AA74200D9E6EE /* MovieTableViewCell.swift */,
				9C0D5A16263AA74200D9E6EE /* MovieTableViewCell.xib */,
				9CDD0873263BC05F001AE011 /* DetailMovieViewController.swift */,
				9CF39851263DB1CE001742EB /* CastCollectionViewCell.swift */,
				9CF39852263DB1CE001742EB /* CastCollectionViewCell.xib */,
				9C34D44A263E93FB0051B2BF /* DetailHeaderCollectionReusableView.swift */,
			);
			path = MovieSpot;
			sourceTree = "<group>";
		};
		9C0D5A1A263AAB8700D9E6EE /* Services */ = {
			isa = PBXGroup;
			children = (
				9C0D5A1B263AABAF00D9E6EE /* MovieService.swift */,
				9C0D5A1E263AABD800D9E6EE /* Config.swift */,
			);
			path = Services;
			sourceTree = "<group>";
		};
		9C0D5A21263AACC500D9E6EE /* Models */ = {
			isa = PBXGroup;
			children = (
				9C0D5A22263AACD800D9E6EE /* MovieResponseModel.swift */,
				9CDD0877263BD1C0001AE011 /* MovieDetailModel.swift */,
				9C34D447263E91D10051B2BF /* CreditsModel.swift */,
			);
			path = Models;
			sourceTree = "<group>";
		};
		A9D0154A8A5EC9DFA29A0EBF /* Frameworks */ = {
			isa = PBXGroup;
			children = (
				D7B035B215152BC58C7ED436 /* Pods_MovieSpot.framework */,
			);
			name = Frameworks;
			sourceTree = "<group>";
		};
/* End PBXGroup section */

/* Begin PBXNativeTarget section */
		9C0D59F3263A90A800D9E6EE /* MovieSpot */ = {
			isa = PBXNativeTarget;
			buildConfigurationList = 9C0D5A08263A90AA00D9E6EE /* Build configuration list for PBXNativeTarget "MovieSpot" */;
			buildPhases = (
				C83E9A73AF744B7CBFC56337 /* [CP] Check Pods Manifest.lock */,
				9C0D59F0263A90A800D9E6EE /* Sources */,
				9C0D59F1263A90A800D9E6EE /* Frameworks */,
				9C0D59F2263A90A800D9E6EE /* Resources */,
				5DB80523DE0783229D7487A6 /* [CP] Embed Pods Frameworks */,
			);
			buildRules = (
			);
			dependencies = (
			);
			name = MovieSpot;
			productName = MovieSpot;
			productReference = 9C0D59F4263A90A800D9E6EE /* MovieSpot.app */;
			productType = "com.apple.product-type.application";
		};
/* End PBXNativeTarget section */

/* Begin PBXProject section */
		9C0D59EC263A90A800D9E6EE /* Project object */ = {
			isa = PBXProject;
			attributes = {
				LastSwiftUpdateCheck = 1240;
				LastUpgradeCheck = 1240;
				TargetAttributes = {
					9C0D59F3263A90A800D9E6EE = {
						CreatedOnToolsVersion = 12.4;
					};
				};
			};
			buildConfigurationList = 9C0D59EF263A90A800D9E6EE /* Build configuration list for PBXProject "MovieSpot" */;
			compatibilityVersion = "Xcode 9.3";
			developmentRegion = en;
			hasScannedForEncodings = 0;
			knownRegions = (
				en,
				Base,
			);
			mainGroup = 9C0D59EB263A90A800D9E6EE;
			productRefGroup = 9C0D59F5263A90A800D9E6EE /* Products */;
			projectDirPath = "";
			projectRoot = "";
			targets = (
				9C0D59F3263A90A800D9E6EE /* MovieSpot */,
			);
		};
/* End PBXProject section */

/* Begin PBXResourcesBuildPhase section */
		9C0D59F2263A90A800D9E6EE /* Resources */ = {
			isa = PBXResourcesBuildPhase;
			buildActionMask = 2147483647;
			files = (
				9CF39854263DB1CE001742EB /* CastCollectionViewCell.xib in Resources */,
				9C0D5A04263A90AA00D9E6EE /* LaunchScreen.storyboard in Resources */,
				9C0D5A01263A90AA00D9E6EE /* Assets.xcassets in Resources */,
				9C0D5A18263AA74200D9E6EE /* MovieTableViewCell.xib in Resources */,
				9C0D59FF263A90A800D9E6EE /* Main.storyboard in Resources */,
			);
			runOnlyForDeploymentPostprocessing = 0;
		};
/* End PBXResourcesBuildPhase section */

/* Begin PBXShellScriptBuildPhase section */
		5DB80523DE0783229D7487A6 /* [CP] Embed Pods Frameworks */ = {
			isa = PBXShellScriptBuildPhase;
			buildActionMask = 2147483647;
			files = (
			);
			inputFileListPaths = (
				"${PODS_ROOT}/Target Support Files/Pods-MovieSpot/Pods-MovieSpot-frameworks-${CONFIGURATION}-input-files.xcfilelist",
			);
			name = "[CP] Embed Pods Frameworks";
			outputFileListPaths = (
				"${PODS_ROOT}/Target Support Files/Pods-MovieSpot/Pods-MovieSpot-frameworks-${CONFIGURATION}-output-files.xcfilelist",
			);
			runOnlyForDeploymentPostprocessing = 0;
			shellPath = /bin/sh;
			shellScript = "\"${PODS_ROOT}/Target Support Files/Pods-MovieSpot/Pods-MovieSpot-frameworks.sh\"\n";
			showEnvVarsInLog = 0;
		};
		C83E9A73AF744B7CBFC56337 /* [CP] Check Pods Manifest.lock */ = {
			isa = PBXShellScriptBuildPhase;
			buildActionMask = 2147483647;
			files = (
			);
			inputFileListPaths = (
			);
			inputPaths = (
				"${PODS_PODFILE_DIR_PATH}/Podfile.lock",
				"${PODS_ROOT}/Manifest.lock",
			);
			name = "[CP] Check Pods Manifest.lock";
			outputFileListPaths = (
			);
			outputPaths = (
				"$(DERIVED_FILE_DIR)/Pods-MovieSpot-checkManifestLockResult.txt",
			);
			runOnlyForDeploymentPostprocessing = 0;
			shellPath = /bin/sh;
			shellScript = "diff \"${PODS_PODFILE_DIR_PATH}/Podfile.lock\" \"${PODS_ROOT}/Manifest.lock\" > /dev/null\nif [ $? != 0 ] ; then\n    # print error to STDERR\n    echo \"error: The sandbox is not in sync with the Podfile.lock. Run 'pod install' or update your CocoaPods installation.\" >&2\n    exit 1\nfi\n# This output is used by Xcode 'outputs' to avoid re-running this script phase.\necho \"SUCCESS\" > \"${SCRIPT_OUTPUT_FILE_0}\"\n";
			showEnvVarsInLog = 0;
		};
/* End PBXShellScriptBuildPhase section */

/* Begin PBXSourcesBuildPhase section */
		9C0D59F0263A90A800D9E6EE /* Sources */ = {
			isa = PBXSourcesBuildPhase;
			buildActionMask = 2147483647;
			files = (
				9C0D59FC263A90A800D9E6EE /* ViewController.swift in Sources */,
				9CDD0878263BD1C0001AE011 /* MovieDetailModel.swift in Sources */,
				9C0D5A23263AACD800D9E6EE /* MovieResponseModel.swift in Sources */,
				9C0D59F8263A90A800D9E6EE /* AppDelegate.swift in Sources */,
				9C0D5A17263AA74200D9E6EE /* MovieTableViewCell.swift in Sources */,
				9CDD0874263BC05F001AE011 /* DetailMovieViewController.swift in Sources */,
				9C0D59FA263A90A800D9E6EE /* SceneDelegate.swift in Sources */,
				9C34D448263E91D10051B2BF /* CreditsModel.swift in Sources */,
				9CF39853263DB1CE001742EB /* CastCollectionViewCell.swift in Sources */,
				9C34D44B263E93FB0051B2BF /* DetailHeaderCollectionReusableView.swift in Sources */,
				9C0D5A1C263AABAF00D9E6EE /* MovieService.swift in Sources */,
				9C0D5A1F263AABD800D9E6EE /* Config.swift in Sources */,
			);
			runOnlyForDeploymentPostprocessing = 0;
		};
/* End PBXSourcesBuildPhase section */

/* Begin PBXVariantGroup section */
		9C0D59FD263A90A800D9E6EE /* Main.storyboard */ = {
			isa = PBXVariantGroup;
			children = (
				9C0D59FE263A90A800D9E6EE /* Base */,
			);
			name = Main.storyboard;
			sourceTree = "<group>";
		};
		9C0D5A02263A90AA00D9E6EE /* LaunchScreen.storyboard */ = {
			isa = PBXVariantGroup;
			children = (
				9C0D5A03263A90AA00D9E6EE /* Base */,
			);
			name = LaunchScreen.storyboard;
			sourceTree = "<group>";
		};
/* End PBXVariantGroup section */

/* Begin XCBuildConfiguration section */
		9C0D5A06263A90AA00D9E6EE /* Debug */ = {
			isa = XCBuildConfiguration;
			buildSettings = {
				ALWAYS_SEARCH_USER_PATHS = NO;
				CLANG_ANALYZER_NONNULL = YES;
				CLANG_ANALYZER_NUMBER_OBJECT_CONVERSION = YES_AGGRESSIVE;
				CLANG_CXX_LANGUAGE_STANDARD = "gnu++14";
				CLANG_CXX_LIBRARY = "libc++";
				CLANG_ENABLE_MODULES = YES;
				CLANG_ENABLE_OBJC_ARC = YES;
				CLANG_ENABLE_OBJC_WEAK = YES;
				CLANG_WARN_BLOCK_CAPTURE_AUTORELEASING = YES;
				CLANG_WARN_BOOL_CONVERSION = YES;
				CLANG_WARN_COMMA = YES;
				CLANG_WARN_CONSTANT_CONVERSION = YES;
				CLANG_WARN_DEPRECATED_OBJC_IMPLEMENTATIONS = YES;
				CLANG_WARN_DIRECT_OBJC_ISA_USAGE = YES_ERROR;
				CLANG_WARN_DOCUMENTATION_COMMENTS = YES;
				CLANG_WARN_EMPTY_BODY = YES;
				CLANG_WARN_ENUM_CONVERSION = YES;
				CLANG_WARN_INFINITE_RECURSION = YES;
				CLANG_WARN_INT_CONVERSION = YES;
				CLANG_WARN_NON_LITERAL_NULL_CONVERSION = YES;
				CLANG_WARN_OBJC_IMPLICIT_RETAIN_SELF = YES;
				CLANG_WARN_OBJC_LITERAL_CONVERSION = YES;
				CLANG_WARN_OBJC_ROOT_CLASS = YES_ERROR;
				CLANG_WARN_QUOTED_INCLUDE_IN_FRAMEWORK_HEADER = YES;
				CLANG_WARN_RANGE_LOOP_ANALYSIS = YES;
				CLANG_WARN_STRICT_PROTOTYPES = YES;
				CLANG_WARN_SUSPICIOUS_MOVE = YES;
				CLANG_WARN_UNGUARDED_AVAILABILITY = YES_AGGRESSIVE;
				CLANG_WARN_UNREACHABLE_CODE = YES;
				CLANG_WARN__DUPLICATE_METHOD_MATCH = YES;
				COPY_PHASE_STRIP = NO;
				DEBUG_INFORMATION_FORMAT = dwarf;
				ENABLE_STRICT_OBJC_MSGSEND = YES;
				ENABLE_TESTABILITY = YES;
				GCC_C_LANGUAGE_STANDARD = gnu11;
				GCC_DYNAMIC_NO_PIC = NO;
				GCC_NO_COMMON_BLOCKS = YES;
				GCC_OPTIMIZATION_LEVEL = 0;
				GCC_PREPROCESSOR_DEFINITIONS = (
					"DEBUG=1",
					"$(inherited)",
				);
				GCC_WARN_64_TO_32_BIT_CONVERSION = YES;
				GCC_WARN_ABOUT_RETURN_TYPE = YES_ERROR;
				GCC_WARN_UNDECLARED_SELECTOR = YES;
				GCC_WARN_UNINITIALIZED_AUTOS = YES_AGGRESSIVE;
				GCC_WARN_UNUSED_FUNCTION = YES;
				GCC_WARN_UNUSED_VARIABLE = YES;
				IPHONEOS_DEPLOYMENT_TARGET = 14.4;
				MTL_ENABLE_DEBUG_INFO = INCLUDE_SOURCE;
				MTL_FAST_MATH = YES;
				ONLY_ACTIVE_ARCH = YES;
				SDKROOT = iphoneos;
				SWIFT_ACTIVE_COMPILATION_CONDITIONS = DEBUG;
				SWIFT_OPTIMIZATION_LEVEL = "-Onone";
			};
			name = Debug;
		};
		9C0D5A07263A90AA00D9E6EE /* Release */ = {
			isa = XCBuildConfiguration;
			buildSettings = {
				ALWAYS_SEARCH_USER_PATHS = NO;
				CLANG_ANALYZER_NONNULL = YES;
				CLANG_ANALYZER_NUMBER_OBJECT_CONVERSION = YES_AGGRESSIVE;
				CLANG_CXX_LANGUAGE_STANDARD = "gnu++14";
				CLANG_CXX_LIBRARY = "libc++";
				CLANG_ENABLE_MODULES = YES;
				CLANG_ENABLE_OBJC_ARC = YES;
				CLANG_ENABLE_OBJC_WEAK = YES;
				CLANG_WARN_BLOCK_CAPTURE_AUTORELEASING = YES;
				CLANG_WARN_BOOL_CONVERSION = YES;
				CLANG_WARN_COMMA = YES;
				CLANG_WARN_CONSTANT_CONVERSION = YES;
				CLANG_WARN_DEPRECATED_OBJC_IMPLEMENTATIONS = YES;
				CLANG_WARN_DIRECT_OBJC_ISA_USAGE = YES_ERROR;
				CLANG_WARN_DOCUMENTATION_COMMENTS = YES;
				CLANG_WARN_EMPTY_BODY = YES;
				CLANG_WARN_ENUM_CONVERSION = YES;
				CLANG_WARN_INFINITE_RECURSION = YES;
				CLANG_WARN_INT_CONVERSION = YES;
				CLANG_WARN_NON_LITERAL_NULL_CONVERSION = YES;
				CLANG_WARN_OBJC_IMPLICIT_RETAIN_SELF = YES;
				CLANG_WARN_OBJC_LITERAL_CONVERSION = YES;
				CLANG_WARN_OBJC_ROOT_CLASS = YES_ERROR;
				CLANG_WARN_QUOTED_INCLUDE_IN_FRAMEWORK_HEADER = YES;
				CLANG_WARN_RANGE_LOOP_ANALYSIS = YES;
				CLANG_WARN_STRICT_PROTOTYPES = YES;
				CLANG_WARN_SUSPICIOUS_MOVE = YES;
				CLANG_WARN_UNGUARDED_AVAILABILITY = YES_AGGRESSIVE;
				CLANG_WARN_UNREACHABLE_CODE = YES;
				CLANG_WARN__DUPLICATE_METHOD_MATCH = YES;
				COPY_PHASE_STRIP = NO;
				DEBUG_INFORMATION_FORMAT = "dwarf-with-dsym";
				ENABLE_NS_ASSERTIONS = NO;
				ENABLE_STRICT_OBJC_MSGSEND = YES;
				GCC_C_LANGUAGE_STANDARD = gnu11;
				GCC_NO_COMMON_BLOCKS = YES;
				GCC_WARN_64_TO_32_BIT_CONVERSION = YES;
				GCC_WARN_ABOUT_RETURN_TYPE = YES_ERROR;
				GCC_WARN_UNDECLARED_SELECTOR = YES;
				GCC_WARN_UNINITIALIZED_AUTOS = YES_AGGRESSIVE;
				GCC_WARN_UNUSED_FUNCTION = YES;
				GCC_WARN_UNUSED_VARIABLE = YES;
				IPHONEOS_DEPLOYMENT_TARGET = 14.4;
				MTL_ENABLE_DEBUG_INFO = NO;
				MTL_FAST_MATH = YES;
				SDKROOT = iphoneos;
				SWIFT_COMPILATION_MODE = wholemodule;
				SWIFT_OPTIMIZATION_LEVEL = "-O";
				VALIDATE_PRODUCT = YES;
			};
			name = Release;
		};
		9C0D5A09263A90AA00D9E6EE /* Debug */ = {
			isa = XCBuildConfiguration;
			baseConfigurationReference = D465CA612CA6279ECDBB7D0A /* Pods-MovieSpot.debug.xcconfig */;
			buildSettings = {
				ASSETCATALOG_COMPILER_APPICON_NAME = AppIcon;
				ASSETCATALOG_COMPILER_GLOBAL_ACCENT_COLOR_NAME = AccentColor;
				CODE_SIGN_STYLE = Automatic;
				DEVELOPMENT_TEAM = 3VL5UA77DJ;
				INFOPLIST_FILE = MovieSpot/Info.plist;
				IPHONEOS_DEPLOYMENT_TARGET = 13.0;
				LD_RUNPATH_SEARCH_PATHS = (
					"$(inherited)",
					"@executable_path/Frameworks",
				);
				PRODUCT_BUNDLE_IDENTIFIER = com.anugrahdev.MovieSpot;
				PRODUCT_NAME = "$(TARGET_NAME)";
				SWIFT_VERSION = 5.0;
				TARGETED_DEVICE_FAMILY = "1,2";
			};
			name = Debug;
		};
		9C0D5A0A263A90AA00D9E6EE /* Release */ = {
			isa = XCBuildConfiguration;
			baseConfigurationReference = 5D674B5604AF796E542B151B /* Pods-MovieSpot.release.xcconfig */;
			buildSettings = {
				ASSETCATALOG_COMPILER_APPICON_NAME = AppIcon;
				ASSETCATALOG_COMPILER_GLOBAL_ACCENT_COLOR_NAME = AccentColor;
				CODE_SIGN_STYLE = Automatic;
				DEVELOPMENT_TEAM = 3VL5UA77DJ;
				INFOPLIST_FILE = MovieSpot/Info.plist;
				IPHONEOS_DEPLOYMENT_TARGET = 13.0;
				LD_RUNPATH_SEARCH_PATHS = (
					"$(inherited)",
					"@executable_path/Frameworks",
				);
				PRODUCT_BUNDLE_IDENTIFIER = com.anugrahdev.MovieSpot;
				PRODUCT_NAME = "$(TARGET_NAME)";
				SWIFT_VERSION = 5.0;
				TARGETED_DEVICE_FAMILY = "1,2";
			};
			name = Release;
		};
/* End XCBuildConfiguration section */

/* Begin XCConfigurationList section */
		9C0D59EF263A90A800D9E6EE /* Build configuration list for PBXProject "MovieSpot" */ = {
			isa = XCConfigurationList;
			buildConfigurations = (
				9C0D5A06263A90AA00D9E6EE /* Debug */,
				9C0D5A07263A90AA00D9E6EE /* Release */,
			);
			defaultConfigurationIsVisible = 0;
			defaultConfigurationName = Release;
		};
		9C0D5A08263A90AA00D9E6EE /* Build configuration list for PBXNativeTarget "MovieSpot" */ = {
			isa = XCConfigurationList;
			buildConfigurations = (
				9C0D5A09263A90AA00D9E6EE /* Debug */,
				9C0D5A0A263A90AA00D9E6EE /* Release */,
			);
			defaultConfigurationIsVisible = 0;
			defaultConfigurationName = Release;
		};
/* End XCConfigurationList section */
	};
	rootObject = 9C0D59EC263A90A800D9E6EE /* Project object */;
}
